
Microsoft Visual Studio Solution File, Format Version 12.00
# Visual Studio Version 16
VisualStudioVersion = 16.0.30503.244
MinimumVisualStudioVersion = 10.0.40219.1
Project("{9A19103F-16F7-4668-BE54-9A1E7A4F7556}") = "Algo", "Algo\Algo.csproj", "{FF763ABD-EBB9-4508-96E9-F68FB125A5A5}"
EndProject
Global
	GlobalSection(SolutionConfigurationPlatforms) = preSolution
		Debug|Any CPU = Debug|Any CPU
		Release|Any CPU = Release|Any CPU
	EndGlobalSection
	GlobalSection(ProjectConfigurationPlatforms) = postSolution
		{FF763ABD-EBB9-4508-96E9-F68FB125A5A5}.Debug|Any CPU.ActiveCfg = Debug|Any CPU
		{FF763ABD-EBB9-4508-96E9-F68FB125A5A5}.Debug|Any CPU.Build.0 = Debug|Any CPU
		{FF763ABD-EBB9-4508-96E9-F68FB125A5A5}.Release|Any CPU.ActiveCfg = Release|Any CPU
		{FF763ABD-EBB9-4508-96E9-F68FB125A5A5}.Release|Any CPU.Build.0 = Release|Any CPU
	EndGlobalSection
	GlobalSection(SolutionProperties) = preSolution
		HideSolutionNode = FALSE
	EndGlobalSection
	GlobalSection(ExtensibilityGlobals) = postSolution
		SolutionGuid = {FA7DC606-D99C-4A02-A834-5DB1CE3B2F0D}
	EndGlobalSection
EndGlobal
